
Microsoft Visual Studio Solution File, Format Version 12.00
# Visual Studio Version 17
VisualStudioVersion = 17.0.31903.59
MinimumVisualStudioVersion = 10.0.40219.1
Project("{2150E333-8FDC-42A3-9474-1A3956D46DE8}") = "src", "src", "{66DE5013-B352-45D3-A163-37577B245FC0}"
EndProject
Project("{FAE04EC0-301F-11D3-BF4B-00C04F79EFBC}") = "DunDat", "src\DunDat\DunDat.csproj", "{62A07A96-999E-4D89-8980-9B1E4BBC3D6E}"
EndProject
Global
	GlobalSection(SolutionConfigurationPlatforms) = preSolution
		Debug|Any CPU = Debug|Any CPU
		Release|Any CPU = Release|Any CPU
	EndGlobalSection
	GlobalSection(SolutionProperties) = preSolution
		HideSolutionNode = FALSE
	EndGlobalSection
	GlobalSection(ProjectConfigurationPlatforms) = postSolution
		{62A07A96-999E-4D89-8980-9B1E4BBC3D6E}.Debug|Any CPU.ActiveCfg = Debug|Any CPU
		{62A07A96-999E-4D89-8980-9B1E4BBC3D6E}.Debug|Any CPU.Build.0 = Debug|Any CPU
		{62A07A96-999E-4D89-8980-9B1E4BBC3D6E}.Release|Any CPU.ActiveCfg = Release|Any CPU
		{62A07A96-999E-4D89-8980-9B1E4BBC3D6E}.Release|Any CPU.Build.0 = Release|Any CPU
	EndGlobalSection
	GlobalSection(NestedProjects) = preSolution
		{62A07A96-999E-4D89-8980-9B1E4BBC3D6E} = {66DE5013-B352-45D3-A163-37577B245FC0}
	EndGlobalSection
EndGlobal
